
Microsoft Visual Studio Solution File, Format Version 12.00
# Visual Studio Version 16
VisualStudioVersion = 16.0.35325.158
MinimumVisualStudioVersion = 10.0.40219.1
Project("{FAE04EC0-301F-11D3-BF4B-00C04F79EFBC}") = "FSX_SImConnect_test", "FSX_SImConnect_test.csproj", "{21772843-7F64-48CA-A339-5A3F9C6DC12D}"
EndProject
Global
	GlobalSection(SolutionConfigurationPlatforms) = preSolution
		Debug|Any CPU = Debug|Any CPU
		Release|Any CPU = Release|Any CPU
	EndGlobalSection
	GlobalSection(ProjectConfigurationPlatforms) = postSolution
		{21772843-7F64-48CA-A339-5A3F9C6DC12D}.Debug|Any CPU.ActiveCfg = Debug|Any CPU
		{21772843-7F64-48CA-A339-5A3F9C6DC12D}.Debug|Any CPU.Build.0 = Debug|Any CPU
		{21772843-7F64-48CA-A339-5A3F9C6DC12D}.Release|Any CPU.ActiveCfg = Release|Any CPU
		{21772843-7F64-48CA-A339-5A3F9C6DC12D}.Release|Any CPU.Build.0 = Release|Any CPU
	EndGlobalSection
	GlobalSection(SolutionProperties) = preSolution
		HideSolutionNode = FALSE
	EndGlobalSection
	GlobalSection(ExtensibilityGlobals) = postSolution
		SolutionGuid = {21797854-1C78-47AD-AA28-22AD416F702D}
	EndGlobalSection
EndGlobal
